# This file was autogenerated by uv via the following command:
#    uv pip compile --python-version 3.12 --universal --generate-hashes --no-emit-index-url annet/docker/build.in -o annet/docker/build.lock
flit-core==3.12.0 \
    --hash=sha256:18f63100d6f94385c6ed57a72073443e1a71a4acb4339491615d0f16d6ff01b2 \
    --hash=sha256:e7a0304069ea895172e3c7bb703292e992c5d1555dd1233ab7b5621b5b69e62c
    # via -r annet/docker/build.in
packaging==26.3 \
    --hash=sha256:94edc256424af38762eb31306eed28beb9f0efc50a8837492c9d6fd6004aed79 \
    --hash=sha256:d7193f7c8e4e93f444fde0262bf90af30e16fa0ad0ad44cb553c87339b23cd1c
    # via wheel
setuptools==84.0.0 \
    --hash=sha256:51a52592b3b99e102b609654876bd65f19f999935166d1352678931132b0c670 \
    --hash=sha256:f4695c21257f0d9b537ec2692c941d02ee143b7cc1276941349a546573b2ef73
    # via -r annet/docker/build.in
wheel==0.46.3 \
    --hash=sha256:4b399d56c9d9338230118d705d9737a2a468ccca63d5e813e2a4fc7815d8bc4d \
    --hash=sha256:e3e79874b07d776c40bd6033f8ddf76a7dad46a7b8aa1b2787a83083519a1803
    # via -r annet/docker/build.in
